// !$*UTF8*$!
{
	archiveVersion = 1;
	classes = {
	};
	objectVersion = 51;
	objects = {

/* Begin PBXBuildFile section */
		440947A2FCBE780A9B5203BE /* Pods_StarWarsApp.framework in Frameworks */ = {isa = PBXBuildFile; fileRef = 8A6B33160211203EE500B1E9 /* Pods_StarWarsApp.framework */; };
		483AC4FF25C9BE7C006C6DE6 /* AppDelegate.swift in Sources */ = {isa = PBXBuildFile; fileRef = 483AC4FE25C9BE7C006C6DE6 /* AppDelegate.swift */; };
		483AC50125C9BE7C006C6DE6 /* SceneDelegate.swift in Sources */ = {isa = PBXBuildFile; fileRef = 483AC50025C9BE7C006C6DE6 /* SceneDelegate.swift */; };
		483AC50325C9BE7C006C6DE6 /* MainVC.swift in Sources */ = {isa = PBXBuildFile; fileRef = 483AC50225C9BE7C006C6DE6 /* MainVC.swift */; };
		483AC50625C9BE7C006C6DE6 /* Main.storyboard in Resources */ = {isa = PBXBuildFile; fileRef = 483AC50425C9BE7C006C6DE6 /* Main.storyboard */; };
		483AC50825C9BE80006C6DE6 /* Assets.xcassets in Resources */ = {isa = PBXBuildFile; fileRef = 483AC50725C9BE80006C6DE6 /* Assets.xcassets */; };
		483AC50B25C9BE80006C6DE6 /* LaunchScreen.storyboard in Resources */ = {isa = PBXBuildFile; fileRef = 483AC50925C9BE80006C6DE6 /* LaunchScreen.storyboard */; };
		483AC51625C9BE80006C6DE6 /* StarWarsAppTests.swift in Sources */ = {isa = PBXBuildFile; fileRef = 483AC51525C9BE80006C6DE6 /* StarWarsAppTests.swift */; };
		483AC52125C9BE80006C6DE6 /* StarWarsAppUITests.swift in Sources */ = {isa = PBXBuildFile; fileRef = 483AC52025C9BE80006C6DE6 /* StarWarsAppUITests.swift */; };
		483AC53D25C9E72E006C6DE6 /* String+Localizable.swift in Sources */ = {isa = PBXBuildFile; fileRef = 483AC53C25C9E72E006C6DE6 /* String+Localizable.swift */; };
		483AC55225C9EFAC006C6DE6 /* People.swift in Sources */ = {isa = PBXBuildFile; fileRef = 483AC55125C9EFAC006C6DE6 /* People.swift */; };
		483AC55E25C9F02F006C6DE6 /* Planet.swift in Sources */ = {isa = PBXBuildFile; fileRef = 483AC55D25C9F02F006C6DE6 /* Planet.swift */; };
		483AC56325C9F095006C6DE6 /* Starship.swift in Sources */ = {isa = PBXBuildFile; fileRef = 483AC56225C9F095006C6DE6 /* Starship.swift */; };
		483AC5E825CD7BC9006C6DE6 /* Film.swift in Sources */ = {isa = PBXBuildFile; fileRef = 483AC5E725CD7BC9006C6DE6 /* Film.swift */; };
		483AC5F025CD7D78006C6DE6 /* Localizable.strings in Resources */ = {isa = PBXBuildFile; fileRef = 483AC5EF25CD7D78006C6DE6 /* Localizable.strings */; };
		483AC5F625CD7E07006C6DE6 /* API+Moya.swift in Sources */ = {isa = PBXBuildFile; fileRef = 483AC5F525CD7E07006C6DE6 /* API+Moya.swift */; };
		483AC5FE25CD7E9C006C6DE6 /* NetworkService.swift in Sources */ = {isa = PBXBuildFile; fileRef = 483AC5FD25CD7E9C006C6DE6 /* NetworkService.swift */; };
		483AC61325CD875F006C6DE6 /* PeopleViewFactory.swift in Sources */ = {isa = PBXBuildFile; fileRef = 483AC61225CD875F006C6DE6 /* PeopleViewFactory.swift */; };
		483AC61825CD87B0006C6DE6 /* PeopleDetailVC.swift in Sources */ = {isa = PBXBuildFile; fileRef = 483AC61725CD87B0006C6DE6 /* PeopleDetailVC.swift */; };
		483AC62025CD9C52006C6DE6 /* ActivityIndicator.swift in Sources */ = {isa = PBXBuildFile; fileRef = 483AC61F25CD9C51006C6DE6 /* ActivityIndicator.swift */; };
		483AC62825CD9D12006C6DE6 /* ActivityIndicator.json in Resources */ = {isa = PBXBuildFile; fileRef = 483AC62725CD9D12006C6DE6 /* ActivityIndicator.json */; };
		483AC62E25CD9E31006C6DE6 /* PeopleVM.swift in Sources */ = {isa = PBXBuildFile; fileRef = 483AC62D25CD9E31006C6DE6 /* PeopleVM.swift */; };
		483AC63325CD9E4C006C6DE6 /* PeopleDetailVM.swift in Sources */ = {isa = PBXBuildFile; fileRef = 483AC63225CD9E4C006C6DE6 /* PeopleDetailVM.swift */; };
		483AC64825CDB57D006C6DE6 /* PlanetVM.swift in Sources */ = {isa = PBXBuildFile; fileRef = 483AC64725CDB57C006C6DE6 /* PlanetVM.swift */; };
		483AC65025CDB594006C6DE6 /* PlanetDetailVM.swift in Sources */ = {isa = PBXBuildFile; fileRef = 483AC64F25CDB594006C6DE6 /* PlanetDetailVM.swift */; };
		483AC65525CDC633006C6DE6 /* PlanetViewFactory.swift in Sources */ = {isa = PBXBuildFile; fileRef = 483AC65425CDC632006C6DE6 /* PlanetViewFactory.swift */; };
		483AC65E25CDC785006C6DE6 /* PlanetDetailVC.swift in Sources */ = {isa = PBXBuildFile; fileRef = 483AC65D25CDC785006C6DE6 /* PlanetDetailVC.swift */; };
		483AC67025CDDC1E006C6DE6 /* Resident.swift in Sources */ = {isa = PBXBuildFile; fileRef = 483AC66F25CDDC1D006C6DE6 /* Resident.swift */; };
		483AC67525CDDC31006C6DE6 /* Pilot.swift in Sources */ = {isa = PBXBuildFile; fileRef = 483AC67425CDDC31006C6DE6 /* Pilot.swift */; };
		483AC68225CDF8F7006C6DE6 /* StarshipVM.swift in Sources */ = {isa = PBXBuildFile; fileRef = 483AC68125CDF8F7006C6DE6 /* StarshipVM.swift */; };
		483AC68725CDF910006C6DE6 /* StarshipDetailVM.swift in Sources */ = {isa = PBXBuildFile; fileRef = 483AC68625CDF910006C6DE6 /* StarshipDetailVM.swift */; };
		483AC68C25CDFB37006C6DE6 /* StarshipViewFactory.swift in Sources */ = {isa = PBXBuildFile; fileRef = 483AC68B25CDFB37006C6DE6 /* StarshipViewFactory.swift */; };
		483AC69125CE015E006C6DE6 /* StarshipDetailVC.swift in Sources */ = {isa = PBXBuildFile; fileRef = 483AC69025CE015E006C6DE6 /* StarshipDetailVC.swift */; };
		483AC6A125CE0B16006C6DE6 /* PeopleTests.swift in Sources */ = {isa = PBXBuildFile; fileRef = 483AC6A025CE0B16006C6DE6 /* PeopleTests.swift */; };
		483AC6AA25CE0BE8006C6DE6 /* ServiceMock.swift in Sources */ = {isa = PBXBuildFile; fileRef = 483AC6A925CE0BE8006C6DE6 /* ServiceMock.swift */; };
		483AC6AF25CE0C4E006C6DE6 /* people.json in Resources */ = {isa = PBXBuildFile; fileRef = 483AC6AE25CE0C4E006C6DE6 /* people.json */; };
		53935E3870198BFBE03CCB0C /* Pods_StarWarsAppTests.framework in Frameworks */ = {isa = PBXBuildFile; fileRef = C85F8C49F4D002542110FD52 /* Pods_StarWarsAppTests.framework */; };
		B5AAC21FD3BBDD19D4127975 /* Pods_StarWarsApp_StarWarsAppUITests.framework in Frameworks */ = {isa = PBXBuildFile; fileRef = 3474E9D7EE00B13EBD382A0F /* Pods_StarWarsApp_StarWarsAppUITests.framework */; };
/* End PBXBuildFile section */

/* Begin PBXContainerItemProxy section */
		483AC51225C9BE80006C6DE6 /* PBXContainerItemProxy */ = {
			isa = PBXContainerItemProxy;
			containerPortal = 483AC4F325C9BE7C006C6DE6 /* Project object */;
			proxyType = 1;
			remoteGlobalIDString = 483AC4FA25C9BE7C006C6DE6;
			remoteInfo = StarWarsApp;
		};
		483AC51D25C9BE80006C6DE6 /* PBXContainerItemProxy */ = {
			isa = PBXContainerItemProxy;
			containerPortal = 483AC4F325C9BE7C006C6DE6 /* Project object */;
			proxyType = 1;
			remoteGlobalIDString = 483AC4FA25C9BE7C006C6DE6;
			remoteInfo = StarWarsApp;
		};
/* End PBXContainerItemProxy section */

/* Begin PBXFileReference section */
		16035CE5BCD9164969A6C310 /* Pods-StarWarsAppTests.release.xcconfig */ = {isa = PBXFileReference; includeInIndex = 1; lastKnownFileType = text.xcconfig; name = "Pods-StarWarsAppTests.release.xcconfig"; path = "Target Support Files/Pods-StarWarsAppTests/Pods-StarWarsAppTests.release.xcconfig"; sourceTree = "<group>"; };
		3474E9D7EE00B13EBD382A0F /* Pods_StarWarsApp_StarWarsAppUITests.framework */ = {isa = PBXFileReference; explicitFileType = wrapper.framework; includeInIndex = 0; path = Pods_StarWarsApp_StarWarsAppUITests.framework; sourceTree = BUILT_PRODUCTS_DIR; };
		3B4C07BF87745983494C8FE7 /* Pods-StarWarsApp.release.xcconfig */ = {isa = PBXFileReference; includeInIndex = 1; lastKnownFileType = text.xcconfig; name = "Pods-StarWarsApp.release.xcconfig"; path = "Target Support Files/Pods-StarWarsApp/Pods-StarWarsApp.release.xcconfig"; sourceTree = "<group>"; };
		460E5EE62A2A00C627E351DE /* Pods-StarWarsApp-StarWarsAppUITests.debug.xcconfig */ = {isa = PBXFileReference; includeInIndex = 1; lastKnownFileType = text.xcconfig; name = "Pods-StarWarsApp-StarWarsAppUITests.debug.xcconfig"; path = "Target Support Files/Pods-StarWarsApp-StarWarsAppUITests/Pods-StarWarsApp-StarWarsAppUITests.debug.xcconfig"; sourceTree = "<group>"; };
		483AC4FB25C9BE7C006C6DE6 /* StarWarsApp.app */ = {isa = PBXFileReference; explicitFileType = wrapper.application; includeInIndex = 0; path = StarWarsApp.app; sourceTree = BUILT_PRODUCTS_DIR; };
		483AC4FE25C9BE7C006C6DE6 /* AppDelegate.swift */ = {isa = PBXFileReference; lastKnownFileType = sourcecode.swift; path = AppDelegate.swift; sourceTree = "<group>"; };
		483AC50025C9BE7C006C6DE6 /* SceneDelegate.swift */ = {isa = PBXFileReference; lastKnownFileType = sourcecode.swift; path = SceneDelegate.swift; sourceTree = "<group>"; };
		483AC50225C9BE7C006C6DE6 /* MainVC.swift */ = {isa = PBXFileReference; lastKnownFileType = sourcecode.swift; path = MainVC.swift; sourceTree = "<group>"; };
		483AC50525C9BE7C006C6DE6 /* Base */ = {isa = PBXFileReference; lastKnownFileType = file.storyboard; name = Base; path = Base.lproj/Main.storyboard; sourceTree = "<group>"; };
		483AC50725C9BE80006C6DE6 /* Assets.xcassets */ = {isa = PBXFileReference; lastKnownFileType = folder.assetcatalog; path = Assets.xcassets; sourceTree = "<group>"; };
		483AC50A25C9BE80006C6DE6 /* Base */ = {isa = PBXFileReference; lastKnownFileType = file.storyboard; name = Base; path = Base.lproj/LaunchScreen.storyboard; sourceTree = "<group>"; };
		483AC50C25C9BE80006C6DE6 /* Info.plist */ = {isa = PBXFileReference; lastKnownFileType = text.plist.xml; path = Info.plist; sourceTree = "<group>"; };
		483AC51125C9BE80006C6DE6 /* StarWarsAppTests.xctest */ = {isa = PBXFileReference; explicitFileType = wrapper.cfbundle; includeInIndex = 0; path = StarWarsAppTests.xctest; sourceTree = BUILT_PRODUCTS_DIR; };
		483AC51525C9BE80006C6DE6 /* StarWarsAppTests.swift */ = {isa = PBXFileReference; lastKnownFileType = sourcecode.swift; path = StarWarsAppTests.swift; sourceTree = "<group>"; };
		483AC51725C9BE80006C6DE6 /* Info.plist */ = {isa = PBXFileReference; lastKnownFileType = text.plist.xml; path = Info.plist; sourceTree = "<group>"; };
		483AC51C25C9BE80006C6DE6 /* StarWarsAppUITests.xctest */ = {isa = PBXFileReference; explicitFileType = wrapper.cfbundle; includeInIndex = 0; path = StarWarsAppUITests.xctest; sourceTree = BUILT_PRODUCTS_DIR; };
		483AC52025C9BE80006C6DE6 /* StarWarsAppUITests.swift */ = {isa = PBXFileReference; lastKnownFileType = sourcecode.swift; path = StarWarsAppUITests.swift; sourceTree = "<group>"; };
		483AC52225C9BE80006C6DE6 /* Info.plist */ = {isa = PBXFileReference; lastKnownFileType = text.plist.xml; path = Info.plist; sourceTree = "<group>"; };
		483AC53C25C9E72E006C6DE6 /* String+Localizable.swift */ = {isa = PBXFileReference; lastKnownFileType = sourcecode.swift; path = "String+Localizable.swift"; sourceTree = "<group>"; };
		483AC55125C9EFAC006C6DE6 /* People.swift */ = {isa = PBXFileReference; lastKnownFileType = sourcecode.swift; path = People.swift; sourceTree = "<group>"; };
		483AC55D25C9F02F006C6DE6 /* Planet.swift */ = {isa = PBXFileReference; lastKnownFileType = sourcecode.swift; path = Planet.swift; sourceTree = "<group>"; };
		483AC56225C9F095006C6DE6 /* Starship.swift */ = {isa = PBXFileReference; lastKnownFileType = sourcecode.swift; path = Starship.swift; sourceTree = "<group>"; };
		483AC5E725CD7BC9006C6DE6 /* Film.swift */ = {isa = PBXFileReference; lastKnownFileType = sourcecode.swift; path = Film.swift; sourceTree = "<group>"; };
		483AC5EF25CD7D78006C6DE6 /* Localizable.strings */ = {isa = PBXFileReference; lastKnownFileType = text.plist.strings; path = Localizable.strings; sourceTree = "<group>"; };
		483AC5F525CD7E07006C6DE6 /* API+Moya.swift */ = {isa = PBXFileReference; lastKnownFileType = sourcecode.swift; path = "API+Moya.swift"; sourceTree = "<group>"; };
		483AC5FD25CD7E9C006C6DE6 /* NetworkService.swift */ = {isa = PBXFileReference; lastKnownFileType = sourcecode.swift; path = NetworkService.swift; sourceTree = "<group>"; };
		483AC61225CD875F006C6DE6 /* PeopleViewFactory.swift */ = {isa = PBXFileReference; lastKnownFileType = sourcecode.swift; path = PeopleViewFactory.swift; sourceTree = "<group>"; };
		483AC61725CD87B0006C6DE6 /* PeopleDetailVC.swift */ = {isa = PBXFileReference; lastKnownFileType = sourcecode.swift; path = PeopleDetailVC.swift; sourceTree = "<group>"; };
		483AC61F25CD9C51006C6DE6 /* ActivityIndicator.swift */ = {isa = PBXFileReference; lastKnownFileType = sourcecode.swift; path = ActivityIndicator.swift; sourceTree = "<group>"; };
		483AC62725CD9D12006C6DE6 /* ActivityIndicator.json */ = {isa = PBXFileReference; lastKnownFileType = text.json; path = ActivityIndicator.json; sourceTree = "<group>"; };
		483AC62D25CD9E31006C6DE6 /* PeopleVM.swift */ = {isa = PBXFileReference; lastKnownFileType = sourcecode.swift; path = PeopleVM.swift; sourceTree = "<group>"; };
		483AC63225CD9E4C006C6DE6 /* PeopleDetailVM.swift */ = {isa = PBXFileReference; lastKnownFileType = sourcecode.swift; path = PeopleDetailVM.swift; sourceTree = "<group>"; };
		483AC64725CDB57C006C6DE6 /* PlanetVM.swift */ = {isa = PBXFileReference; lastKnownFileType = sourcecode.swift; path = PlanetVM.swift; sourceTree = "<group>"; };
		483AC64F25CDB594006C6DE6 /* PlanetDetailVM.swift */ = {isa = PBXFileReference; lastKnownFileType = sourcecode.swift; path = PlanetDetailVM.swift; sourceTree = "<group>"; };
		483AC65425CDC632006C6DE6 /* PlanetViewFactory.swift */ = {isa = PBXFileReference; lastKnownFileType = sourcecode.swift; path = PlanetViewFactory.swift; sourceTree = "<group>"; };
		483AC65D25CDC785006C6DE6 /* PlanetDetailVC.swift */ = {isa = PBXFileReference; lastKnownFileType = sourcecode.swift; path = PlanetDetailVC.swift; sourceTree = "<group>"; };
		483AC66F25CDDC1D006C6DE6 /* Resident.swift */ = {isa = PBXFileReference; lastKnownFileType = sourcecode.swift; path = Resident.swift; sourceTree = "<group>"; };
		483AC67425CDDC31006C6DE6 /* Pilot.swift */ = {isa = PBXFileReference; lastKnownFileType = sourcecode.swift; path = Pilot.swift; sourceTree = "<group>"; };
		483AC68125CDF8F7006C6DE6 /* StarshipVM.swift */ = {isa = PBXFileReference; lastKnownFileType = sourcecode.swift; path = StarshipVM.swift; sourceTree = "<group>"; };
		483AC68625CDF910006C6DE6 /* StarshipDetailVM.swift */ = {isa = PBXFileReference; lastKnownFileType = sourcecode.swift; path = StarshipDetailVM.swift; sourceTree = "<group>"; };
		483AC68B25CDFB37006C6DE6 /* StarshipViewFactory.swift */ = {isa = PBXFileReference; lastKnownFileType = sourcecode.swift; path = StarshipViewFactory.swift; sourceTree = "<group>"; };
		483AC69025CE015E006C6DE6 /* StarshipDetailVC.swift */ = {isa = PBXFileReference; lastKnownFileType = sourcecode.swift; path = StarshipDetailVC.swift; sourceTree = "<group>"; };
		483AC6A025CE0B16006C6DE6 /* PeopleTests.swift */ = {isa = PBXFileReference; lastKnownFileType = sourcecode.swift; path = PeopleTests.swift; sourceTree = "<group>"; };
		483AC6A925CE0BE8006C6DE6 /* ServiceMock.swift */ = {isa = PBXFileReference; lastKnownFileType = sourcecode.swift; path = ServiceMock.swift; sourceTree = "<group>"; };
		483AC6AE25CE0C4E006C6DE6 /* people.json */ = {isa = PBXFileReference; lastKnownFileType = text.json; path = people.json; sourceTree = "<group>"; };
		8A6B33160211203EE500B1E9 /* Pods_StarWarsApp.framework */ = {isa = PBXFileReference; explicitFileType = wrapper.framework; includeInIndex = 0; path = Pods_StarWarsApp.framework; sourceTree = BUILT_PRODUCTS_DIR; };
		C85F8C49F4D002542110FD52 /* Pods_StarWarsAppTests.framework */ = {isa = PBXFileReference; explicitFileType = wrapper.framework; includeInIndex = 0; path = Pods_StarWarsAppTests.framework; sourceTree = BUILT_PRODUCTS_DIR; };
		CB92567F3E54987F5CCDD32D /* Pods-StarWarsApp-StarWarsAppUITests.release.xcconfig */ = {isa = PBXFileReference; includeInIndex = 1; lastKnownFileType = text.xcconfig; name = "Pods-StarWarsApp-StarWarsAppUITests.release.xcconfig"; path = "Target Support Files/Pods-StarWarsApp-StarWarsAppUITests/Pods-StarWarsApp-StarWarsAppUITests.release.xcconfig"; sourceTree = "<group>"; };
		CD302AAD3FFAC5BBBDFB683D /* Pods-StarWarsApp.debug.xcconfig */ = {isa = PBXFileReference; includeInIndex = 1; lastKnownFileType = text.xcconfig; name = "Pods-StarWarsApp.debug.xcconfig"; path = "Target Support Files/Pods-StarWarsApp/Pods-StarWarsApp.debug.xcconfig"; sourceTree = "<group>"; };
		F10643ADBC84AFE2DA319E6C /* Pods-StarWarsAppTests.debug.xcconfig */ = {isa = PBXFileReference; includeInIndex = 1; lastKnownFileType = text.xcconfig; name = "Pods-StarWarsAppTests.debug.xcconfig"; path = "Target Support Files/Pods-StarWarsAppTests/Pods-StarWarsAppTests.debug.xcconfig"; sourceTree = "<group>"; };
/* End PBXFileReference section */

/* Begin PBXFrameworksBuildPhase section */
		483AC4F825C9BE7C006C6DE6 /* Frameworks */ = {
			isa = PBXFrameworksBuildPhase;
			buildActionMask = 2147483647;
			files = (
				440947A2FCBE780A9B5203BE /* Pods_StarWarsApp.framework in Frameworks */,
			);
			runOnlyForDeploymentPostprocessing = 0;
		};
		483AC50E25C9BE80006C6DE6 /* Frameworks */ = {
			isa = PBXFrameworksBuildPhase;
			buildActionMask = 2147483647;
			files = (
				53935E3870198BFBE03CCB0C /* Pods_StarWarsAppTests.framework in Frameworks */,
			);
			runOnlyForDeploymentPostprocessing = 0;
		};
		483AC51925C9BE80006C6DE6 /* Frameworks */ = {
			isa = PBXFrameworksBuildPhase;
			buildActionMask = 2147483647;
			files = (
				B5AAC21FD3BBDD19D4127975 /* Pods_StarWarsApp_StarWarsAppUITests.framework in Frameworks */,
			);
			runOnlyForDeploymentPostprocessing = 0;
		};
/* End PBXFrameworksBuildPhase section */

/* Begin PBXGroup section */
		2E8C9E14173B5FE9FA61C62B /* Pods */ = {
			isa = PBXGroup;
			children = (
				CD302AAD3FFAC5BBBDFB683D /* Pods-StarWarsApp.debug.xcconfig */,
				3B4C07BF87745983494C8FE7 /* Pods-StarWarsApp.release.xcconfig */,
				460E5EE62A2A00C627E351DE /* Pods-StarWarsApp-StarWarsAppUITests.debug.xcconfig */,
				CB92567F3E54987F5CCDD32D /* Pods-StarWarsApp-StarWarsAppUITests.release.xcconfig */,
				F10643ADBC84AFE2DA319E6C /* Pods-StarWarsAppTests.debug.xcconfig */,
				16035CE5BCD9164969A6C310 /* Pods-StarWarsAppTests.release.xcconfig */,
			);
			path = Pods;
			sourceTree = "<group>";
		};
		483AC4F225C9BE7C006C6DE6 = {
			isa = PBXGroup;
			children = (
				483AC4FD25C9BE7C006C6DE6 /* StarWarsApp */,
				483AC51425C9BE80006C6DE6 /* StarWarsAppTests */,
				483AC51F25C9BE80006C6DE6 /* StarWarsAppUITests */,
				483AC4FC25C9BE7C006C6DE6 /* Products */,
				2E8C9E14173B5FE9FA61C62B /* Pods */,
				5E3A43A497EE0E8BC96F95E3 /* Frameworks */,
			);
			sourceTree = "<group>";
		};
		483AC4FC25C9BE7C006C6DE6 /* Products */ = {
			isa = PBXGroup;
			children = (
				483AC4FB25C9BE7C006C6DE6 /* StarWarsApp.app */,
				483AC51125C9BE80006C6DE6 /* StarWarsAppTests.xctest */,
				483AC51C25C9BE80006C6DE6 /* StarWarsAppUITests.xctest */,
			);
			name = Products;
			sourceTree = "<group>";
		};
		483AC4FD25C9BE7C006C6DE6 /* StarWarsApp */ = {
			isa = PBXGroup;
			children = (
				483AC54525C9E746006C6DE6 /* AppDelegates */,
				483AC65925CDC734006C6DE6 /* Factory */,
				483AC55625C9EFDF006C6DE6 /* Models */,
				483AC54925C9E75D006C6DE6 /* View */,
				483AC62C25CD9E0C006C6DE6 /* ViewModel */,
				483AC5F425CD7DD6006C6DE6 /* Networking */,
				483AC54D25C9E769006C6DE6 /* Storybord */,
				483AC50725C9BE80006C6DE6 /* Assets.xcassets */,
				483AC50C25C9BE80006C6DE6 /* Info.plist */,
				483AC54125C9E735006C6DE6 /* Helpers */,
				483AC5EF25CD7D78006C6DE6 /* Localizable.strings */,
				483AC6A825CE0BCC006C6DE6 /* Mock */,
				483AC69F25CE0AD6006C6DE6 /* Tests */,
			);
			path = StarWarsApp;
			sourceTree = "<group>";
		};
		483AC51425C9BE80006C6DE6 /* StarWarsAppTests */ = {
			isa = PBXGroup;
			children = (
				483AC51525C9BE80006C6DE6 /* StarWarsAppTests.swift */,
				483AC51725C9BE80006C6DE6 /* Info.plist */,
			);
			path = StarWarsAppTests;
			sourceTree = "<group>";
		};
		483AC51F25C9BE80006C6DE6 /* StarWarsAppUITests */ = {
			isa = PBXGroup;
			children = (
				483AC52025C9BE80006C6DE6 /* StarWarsAppUITests.swift */,
				483AC52225C9BE80006C6DE6 /* Info.plist */,
			);
			path = StarWarsAppUITests;
			sourceTree = "<group>";
		};
		483AC54125C9E735006C6DE6 /* Helpers */ = {
			isa = PBXGroup;
			children = (
				483AC61E25CD9C23006C6DE6 /* Activity Indicator */,
				483AC53C25C9E72E006C6DE6 /* String+Localizable.swift */,
			);
			path = Helpers;
			sourceTree = "<group>";
		};
		483AC54525C9E746006C6DE6 /* AppDelegates */ = {
			isa = PBXGroup;
			children = (
				483AC4FE25C9BE7C006C6DE6 /* AppDelegate.swift */,
				483AC50025C9BE7C006C6DE6 /* SceneDelegate.swift */,
			);
			path = AppDelegates;
			sourceTree = "<group>";
		};
		483AC54925C9E75D006C6DE6 /* View */ = {
			isa = PBXGroup;
			children = (
				483AC50225C9BE7C006C6DE6 /* MainVC.swift */,
				483AC61725CD87B0006C6DE6 /* PeopleDetailVC.swift */,
				483AC65D25CDC785006C6DE6 /* PlanetDetailVC.swift */,
				483AC69025CE015E006C6DE6 /* StarshipDetailVC.swift */,
			);
			path = View;
			sourceTree = "<group>";
		};
		483AC54D25C9E769006C6DE6 /* Storybord */ = {
			isa = PBXGroup;
			children = (
				483AC50425C9BE7C006C6DE6 /* Main.storyboard */,
				483AC50925C9BE80006C6DE6 /* LaunchScreen.storyboard */,
			);
			path = Storybord;
			sourceTree = "<group>";
		};
		483AC55625C9EFDF006C6DE6 /* Models */ = {
			isa = PBXGroup;
			children = (
				483AC55125C9EFAC006C6DE6 /* People.swift */,
				483AC55D25C9F02F006C6DE6 /* Planet.swift */,
				483AC56225C9F095006C6DE6 /* Starship.swift */,
				483AC5E725CD7BC9006C6DE6 /* Film.swift */,
				483AC66F25CDDC1D006C6DE6 /* Resident.swift */,
				483AC67425CDDC31006C6DE6 /* Pilot.swift */,
			);
			path = Models;
			sourceTree = "<group>";
		};
		483AC5F425CD7DD6006C6DE6 /* Networking */ = {
			isa = PBXGroup;
			children = (
				483AC5F525CD7E07006C6DE6 /* API+Moya.swift */,
				483AC5FD25CD7E9C006C6DE6 /* NetworkService.swift */,
			);
			path = Networking;
			sourceTree = "<group>";
		};
		483AC61E25CD9C23006C6DE6 /* Activity Indicator */ = {
			isa = PBXGroup;
			children = (
				483AC61F25CD9C51006C6DE6 /* ActivityIndicator.swift */,
				483AC62725CD9D12006C6DE6 /* ActivityIndicator.json */,
			);
			path = "Activity Indicator";
			sourceTree = "<group>";
		};
		483AC62C25CD9E0C006C6DE6 /* ViewModel */ = {
			isa = PBXGroup;
			children = (
				483AC62D25CD9E31006C6DE6 /* PeopleVM.swift */,
				483AC63225CD9E4C006C6DE6 /* PeopleDetailVM.swift */,
				483AC64725CDB57C006C6DE6 /* PlanetVM.swift */,
				483AC64F25CDB594006C6DE6 /* PlanetDetailVM.swift */,
				483AC68125CDF8F7006C6DE6 /* StarshipVM.swift */,
				483AC68625CDF910006C6DE6 /* StarshipDetailVM.swift */,
			);
			path = ViewModel;
			sourceTree = "<group>";
		};
		483AC65925CDC734006C6DE6 /* Factory */ = {
			isa = PBXGroup;
			children = (
				483AC61225CD875F006C6DE6 /* PeopleViewFactory.swift */,
				483AC65425CDC632006C6DE6 /* PlanetViewFactory.swift */,
				483AC68B25CDFB37006C6DE6 /* StarshipViewFactory.swift */,
			);
			path = Factory;
			sourceTree = "<group>";
		};
		483AC69F25CE0AD6006C6DE6 /* Tests */ = {
			isa = PBXGroup;
			children = (
				483AC6A025CE0B16006C6DE6 /* PeopleTests.swift */,
			);
			path = Tests;
			sourceTree = "<group>";
		};
		483AC6A825CE0BCC006C6DE6 /* Mock */ = {
			isa = PBXGroup;
			children = (
				483AC6A925CE0BE8006C6DE6 /* ServiceMock.swift */,
				483AC6AE25CE0C4E006C6DE6 /* people.json */,
			);
			path = Mock;
			sourceTree = "<group>";
		};
		5E3A43A497EE0E8BC96F95E3 /* Frameworks */ = {
			isa = PBXGroup;
			children = (
				8A6B33160211203EE500B1E9 /* Pods_StarWarsApp.framework */,
				3474E9D7EE00B13EBD382A0F /* Pods_StarWarsApp_StarWarsAppUITests.framework */,
				C85F8C49F4D002542110FD52 /* Pods_StarWarsAppTests.framework */,
			);
			name = Frameworks;
			sourceTree = "<group>";
		};
/* End PBXGroup section */

/* Begin PBXNativeTarget section */
		483AC4FA25C9BE7C006C6DE6 /* StarWarsApp */ = {
			isa = PBXNativeTarget;
			buildConfigurationList = 483AC52525C9BE80006C6DE6 /* Build configuration list for PBXNativeTarget "StarWarsApp" */;
			buildPhases = (
				01B67C51213E2132122715F3 /* [CP] Check Pods Manifest.lock */,
				483AC4F725C9BE7C006C6DE6 /* Sources */,
				483AC4F825C9BE7C006C6DE6 /* Frameworks */,
				483AC4F925C9BE7C006C6DE6 /* Resources */,
				379F9CB1FACC42383D95396F /* [CP] Embed Pods Frameworks */,
			);
			buildRules = (
			);
			dependencies = (
			);
			name = StarWarsApp;
			productName = StarWarsApp;
			productReference = 483AC4FB25C9BE7C006C6DE6 /* StarWarsApp.app */;
			productType = "com.apple.product-type.application";
		};
		483AC51025C9BE80006C6DE6 /* StarWarsAppTests */ = {
			isa = PBXNativeTarget;
			buildConfigurationList = 483AC52825C9BE80006C6DE6 /* Build configuration list for PBXNativeTarget "StarWarsAppTests" */;
			buildPhases = (
				4518F4F48077441FB1814FBB /* [CP] Check Pods Manifest.lock */,
				483AC50D25C9BE80006C6DE6 /* Sources */,
				483AC50E25C9BE80006C6DE6 /* Frameworks */,
				483AC50F25C9BE80006C6DE6 /* Resources */,
			);
			buildRules = (
			);
			dependencies = (
				483AC51325C9BE80006C6DE6 /* PBXTargetDependency */,
			);
			name = StarWarsAppTests;
			productName = StarWarsAppTests;
			productReference = 483AC51125C9BE80006C6DE6 /* StarWarsAppTests.xctest */;
			productType = "com.apple.product-type.bundle.unit-test";
		};
		483AC51B25C9BE80006C6DE6 /* StarWarsAppUITests */ = {
			isa = PBXNativeTarget;
			buildConfigurationList = 483AC52B25C9BE80006C6DE6 /* Build configuration list for PBXNativeTarget "StarWarsAppUITests" */;
			buildPhases = (
				34D562AE66B690D6CC1ACA76 /* [CP] Check Pods Manifest.lock */,
				483AC51825C9BE80006C6DE6 /* Sources */,
				483AC51925C9BE80006C6DE6 /* Frameworks */,
				483AC51A25C9BE80006C6DE6 /* Resources */,
				1CCEAE4A718E85B358525776 /* [CP] Embed Pods Frameworks */,
			);
			buildRules = (
			);
			dependencies = (
				483AC51E25C9BE80006C6DE6 /* PBXTargetDependency */,
			);
			name = StarWarsAppUITests;
			productName = StarWarsAppUITests;
			productReference = 483AC51C25C9BE80006C6DE6 /* StarWarsAppUITests.xctest */;
			productType = "com.apple.product-type.bundle.ui-testing";
		};
/* End PBXNativeTarget section */

/* Begin PBXProject section */
		483AC4F325C9BE7C006C6DE6 /* Project object */ = {
			isa = PBXProject;
			attributes = {
				LastSwiftUpdateCheck = 1230;
				LastUpgradeCheck = 1230;
				ORGANIZATIONNAME = "Emil Vaklinov";
				TargetAttributes = {
					483AC4FA25C9BE7C006C6DE6 = {
						CreatedOnToolsVersion = 12.3;
					};
					483AC51025C9BE80006C6DE6 = {
						CreatedOnToolsVersion = 12.3;
						TestTargetID = 483AC4FA25C9BE7C006C6DE6;
					};
					483AC51B25C9BE80006C6DE6 = {
						CreatedOnToolsVersion = 12.3;
						TestTargetID = 483AC4FA25C9BE7C006C6DE6;
					};
				};
			};
			buildConfigurationList = 483AC4F625C9BE7C006C6DE6 /* Build configuration list for PBXProject "StarWarsApp" */;
			compatibilityVersion = "Xcode 9.3";
			developmentRegion = en;
			hasScannedForEncodings = 0;
			knownRegions = (
				en,
				Base,
			);
			mainGroup = 483AC4F225C9BE7C006C6DE6;
			productRefGroup = 483AC4FC25C9BE7C006C6DE6 /* Products */;
			projectDirPath = "";
			projectRoot = "";
			targets = (
				483AC4FA25C9BE7C006C6DE6 /* StarWarsApp */,
				483AC51025C9BE80006C6DE6 /* StarWarsAppTests */,
				483AC51B25C9BE80006C6DE6 /* StarWarsAppUITests */,
			);
		};
/* End PBXProject section */

/* Begin PBXResourcesBuildPhase section */
		483AC4F925C9BE7C006C6DE6 /* Resources */ = {
			isa = PBXResourcesBuildPhase;
			buildActionMask = 2147483647;
			files = (
				483AC62825CD9D12006C6DE6 /* ActivityIndicator.json in Resources */,
				483AC50B25C9BE80006C6DE6 /* LaunchScreen.storyboard in Resources */,
				483AC6AF25CE0C4E006C6DE6 /* people.json in Resources */,
				483AC5F025CD7D78006C6DE6 /* Localizable.strings in Resources */,
				483AC50825C9BE80006C6DE6 /* Assets.xcassets in Resources */,
				483AC50625C9BE7C006C6DE6 /* Main.storyboard in Resources */,
			);
			runOnlyForDeploymentPostprocessing = 0;
		};
		483AC50F25C9BE80006C6DE6 /* Resources */ = {
			isa = PBXResourcesBuildPhase;
			buildActionMask = 2147483647;
			files = (
			);
			runOnlyForDeploymentPostprocessing = 0;
		};
		483AC51A25C9BE80006C6DE6 /* Resources */ = {
			isa = PBXResourcesBuildPhase;
			buildActionMask = 2147483647;
			files = (
			);
			runOnlyForDeploymentPostprocessing = 0;
		};
/* End PBXResourcesBuildPhase section */

/* Begin PBXShellScriptBuildPhase section */
		01B67C51213E2132122715F3 /* [CP] Check Pods Manifest.lock */ = {
			isa = PBXShellScriptBuildPhase;
			buildActionMask = 2147483647;
			files = (
			);
			inputFileListPaths = (
			);
			inputPaths = (
				"${PODS_PODFILE_DIR_PATH}/Podfile.lock",
				"${PODS_ROOT}/Manifest.lock",
			);
			name = "[CP] Check Pods Manifest.lock";
			outputFileListPaths = (
			);
			outputPaths = (
				"$(DERIVED_FILE_DIR)/Pods-StarWarsApp-checkManifestLockResult.txt",
			);
			runOnlyForDeploymentPostprocessing = 0;
			shellPath = /bin/sh;
			shellScript = "diff \"${PODS_PODFILE_DIR_PATH}/Podfile.lock\" \"${PODS_ROOT}/Manifest.lock\" > /dev/null\nif [ $? != 0 ] ; then\n    # print error to STDERR\n    echo \"error: The sandbox is not in sync with the Podfile.lock. Run 'pod install' or update your CocoaPods installation.\" >&2\n    exit 1\nfi\n# This output is used by Xcode 'outputs' to avoid re-running this script phase.\necho \"SUCCESS\" > \"${SCRIPT_OUTPUT_FILE_0}\"\n";
			showEnvVarsInLog = 0;
		};
		1CCEAE4A718E85B358525776 /* [CP] Embed Pods Frameworks */ = {
			isa = PBXShellScriptBuildPhase;
			buildActionMask = 2147483647;
			files = (
			);
			inputFileListPaths = (
				"${PODS_ROOT}/Target Support Files/Pods-StarWarsApp-StarWarsAppUITests/Pods-StarWarsApp-StarWarsAppUITests-frameworks-${CONFIGURATION}-input-files.xcfilelist",
			);
			name = "[CP] Embed Pods Frameworks";
			outputFileListPaths = (
				"${PODS_ROOT}/Target Support Files/Pods-StarWarsApp-StarWarsAppUITests/Pods-StarWarsApp-StarWarsAppUITests-frameworks-${CONFIGURATION}-output-files.xcfilelist",
			);
			runOnlyForDeploymentPostprocessing = 0;
			shellPath = /bin/sh;
			shellScript = "\"${PODS_ROOT}/Target Support Files/Pods-StarWarsApp-StarWarsAppUITests/Pods-StarWarsApp-StarWarsAppUITests-frameworks.sh\"\n";
			showEnvVarsInLog = 0;
		};
		34D562AE66B690D6CC1ACA76 /* [CP] Check Pods Manifest.lock */ = {
			isa = PBXShellScriptBuildPhase;
			buildActionMask = 2147483647;
			files = (
			);
			inputFileListPaths = (
			);
			inputPaths = (
				"${PODS_PODFILE_DIR_PATH}/Podfile.lock",
				"${PODS_ROOT}/Manifest.lock",
			);
			name = "[CP] Check Pods Manifest.lock";
			outputFileListPaths = (
			);
			outputPaths = (
				"$(DERIVED_FILE_DIR)/Pods-StarWarsApp-StarWarsAppUITests-checkManifestLockResult.txt",
			);
			runOnlyForDeploymentPostprocessing = 0;
			shellPath = /bin/sh;
			shellScript = "diff \"${PODS_PODFILE_DIR_PATH}/Podfile.lock\" \"${PODS_ROOT}/Manifest.lock\" > /dev/null\nif [ $? != 0 ] ; then\n    # print error to STDERR\n    echo \"error: The sandbox is not in sync with the Podfile.lock. Run 'pod install' or update your CocoaPods installation.\" >&2\n    exit 1\nfi\n# This output is used by Xcode 'outputs' to avoid re-running this script phase.\necho \"SUCCESS\" > \"${SCRIPT_OUTPUT_FILE_0}\"\n";
			showEnvVarsInLog = 0;
		};
		379F9CB1FACC42383D95396F /* [CP] Embed Pods Frameworks */ = {
			isa = PBXShellScriptBuildPhase;
			buildActionMask = 2147483647;
			files = (
			);
			inputFileListPaths = (
				"${PODS_ROOT}/Target Support Files/Pods-StarWarsApp/Pods-StarWarsApp-frameworks-${CONFIGURATION}-input-files.xcfilelist",
			);
			name = "[CP] Embed Pods Frameworks";
			outputFileListPaths = (
				"${PODS_ROOT}/Target Support Files/Pods-StarWarsApp/Pods-StarWarsApp-frameworks-${CONFIGURATION}-output-files.xcfilelist",
			);
			runOnlyForDeploymentPostprocessing = 0;
			shellPath = /bin/sh;
			shellScript = "\"${PODS_ROOT}/Target Support Files/Pods-StarWarsApp/Pods-StarWarsApp-frameworks.sh\"\n";
			showEnvVarsInLog = 0;
		};
		4518F4F48077441FB1814FBB /* [CP] Check Pods Manifest.lock */ = {
			isa = PBXShellScriptBuildPhase;
			buildActionMask = 2147483647;
			files = (
			);
			inputFileListPaths = (
			);
			inputPaths = (
				"${PODS_PODFILE_DIR_PATH}/Podfile.lock",
				"${PODS_ROOT}/Manifest.lock",
			);
			name = "[CP] Check Pods Manifest.lock";
			outputFileListPaths = (
			);
			outputPaths = (
				"$(DERIVED_FILE_DIR)/Pods-StarWarsAppTests-checkManifestLockResult.txt",
			);
			runOnlyForDeploymentPostprocessing = 0;
			shellPath = /bin/sh;
			shellScript = "diff \"${PODS_PODFILE_DIR_PATH}/Podfile.lock\" \"${PODS_ROOT}/Manifest.lock\" > /dev/null\nif [ $? != 0 ] ; then\n    # print error to STDERR\n    echo \"error: The sandbox is not in sync with the Podfile.lock. Run 'pod install' or update your CocoaPods installation.\" >&2\n    exit 1\nfi\n# This output is used by Xcode 'outputs' to avoid re-running this script phase.\necho \"SUCCESS\" > \"${SCRIPT_OUTPUT_FILE_0}\"\n";
			showEnvVarsInLog = 0;
		};
/* End PBXShellScriptBuildPhase section */

/* Begin PBXSourcesBuildPhase section */
		483AC4F725C9BE7C006C6DE6 /* Sources */ = {
			isa = PBXSourcesBuildPhase;
			buildActionMask = 2147483647;
			files = (
				483AC68225CDF8F7006C6DE6 /* StarshipVM.swift in Sources */,
				483AC64825CDB57D006C6DE6 /* PlanetVM.swift in Sources */,
				483AC5FE25CD7E9C006C6DE6 /* NetworkService.swift in Sources */,
				483AC53D25C9E72E006C6DE6 /* String+Localizable.swift in Sources */,
				483AC56325C9F095006C6DE6 /* Starship.swift in Sources */,
				483AC6AA25CE0BE8006C6DE6 /* ServiceMock.swift in Sources */,
				483AC50325C9BE7C006C6DE6 /* MainVC.swift in Sources */,
				483AC62025CD9C52006C6DE6 /* ActivityIndicator.swift in Sources */,
				483AC61825CD87B0006C6DE6 /* PeopleDetailVC.swift in Sources */,
				483AC67025CDDC1E006C6DE6 /* Resident.swift in Sources */,
				483AC4FF25C9BE7C006C6DE6 /* AppDelegate.swift in Sources */,
				483AC55E25C9F02F006C6DE6 /* Planet.swift in Sources */,
				483AC5E825CD7BC9006C6DE6 /* Film.swift in Sources */,
				483AC65025CDB594006C6DE6 /* PlanetDetailVM.swift in Sources */,
				483AC69125CE015E006C6DE6 /* StarshipDetailVC.swift in Sources */,
				483AC50125C9BE7C006C6DE6 /* SceneDelegate.swift in Sources */,
				483AC63325CD9E4C006C6DE6 /* PeopleDetailVM.swift in Sources */,
				483AC68725CDF910006C6DE6 /* StarshipDetailVM.swift in Sources */,
				483AC67525CDDC31006C6DE6 /* Pilot.swift in Sources */,
				483AC61325CD875F006C6DE6 /* PeopleViewFactory.swift in Sources */,
				483AC62E25CD9E31006C6DE6 /* PeopleVM.swift in Sources */,
				483AC65E25CDC785006C6DE6 /* PlanetDetailVC.swift in Sources */,
				483AC55225C9EFAC006C6DE6 /* People.swift in Sources */,
				483AC68C25CDFB37006C6DE6 /* StarshipViewFactory.swift in Sources */,
				483AC5F625CD7E07006C6DE6 /* API+Moya.swift in Sources */,
				483AC65525CDC633006C6DE6 /* PlanetViewFactory.swift in Sources */,
			);
			runOnlyForDeploymentPostprocessing = 0;
		};
		483AC50D25C9BE80006C6DE6 /* Sources */ = {
			isa = PBXSourcesBuildPhase;
			buildActionMask = 2147483647;
			files = (
				483AC6A125CE0B16006C6DE6 /* PeopleTests.swift in Sources */,
				483AC51625C9BE80006C6DE6 /* StarWarsAppTests.swift in Sources */,
			);
			runOnlyForDeploymentPostprocessing = 0;
		};
		483AC51825C9BE80006C6DE6 /* Sources */ = {
			isa = PBXSourcesBuildPhase;
			buildActionMask = 2147483647;
			files = (
				483AC52125C9BE80006C6DE6 /* StarWarsAppUITests.swift in Sources */,
			);
			runOnlyForDeploymentPostprocessing = 0;
		};
/* End PBXSourcesBuildPhase section */

/* Begin PBXTargetDependency section */
		483AC51325C9BE80006C6DE6 /* PBXTargetDependency */ = {
			isa = PBXTargetDependency;
			target = 483AC4FA25C9BE7C006C6DE6 /* StarWarsApp */;
			targetProxy = 483AC51225C9BE80006C6DE6 /* PBXContainerItemProxy */;
		};
		483AC51E25C9BE80006C6DE6 /* PBXTargetDependency */ = {
			isa = PBXTargetDependency;
			target = 483AC4FA25C9BE7C006C6DE6 /* StarWarsApp */;
			targetProxy = 483AC51D25C9BE80006C6DE6 /* PBXContainerItemProxy */;
		};
/* End PBXTargetDependency section */

/* Begin PBXVariantGroup section */
		483AC50425C9BE7C006C6DE6 /* Main.storyboard */ = {
			isa = PBXVariantGroup;
			children = (
				483AC50525C9BE7C006C6DE6 /* Base */,
			);
			name = Main.storyboard;
			sourceTree = "<group>";
		};
		483AC50925C9BE80006C6DE6 /* LaunchScreen.storyboard */ = {
			isa = PBXVariantGroup;
			children = (
				483AC50A25C9BE80006C6DE6 /* Base */,
			);
			name = LaunchScreen.storyboard;
			sourceTree = "<group>";
		};
/* End PBXVariantGroup section */

/* Begin XCBuildConfiguration section */
		483AC52325C9BE80006C6DE6 /* Debug */ = {
			isa = XCBuildConfiguration;
			buildSettings = {
				ALWAYS_SEARCH_USER_PATHS = NO;
				CLANG_ANALYZER_NONNULL = YES;
				CLANG_ANALYZER_NUMBER_OBJECT_CONVERSION = YES_AGGRESSIVE;
				CLANG_CXX_LANGUAGE_STANDARD = "gnu++14";
				CLANG_CXX_LIBRARY = "libc++";
				CLANG_ENABLE_MODULES = YES;
				CLANG_ENABLE_OBJC_ARC = YES;
				CLANG_ENABLE_OBJC_WEAK = YES;
				CLANG_WARN_BLOCK_CAPTURE_AUTORELEASING = YES;
				CLANG_WARN_BOOL_CONVERSION = YES;
				CLANG_WARN_COMMA = YES;
				CLANG_WARN_CONSTANT_CONVERSION = YES;
				CLANG_WARN_DEPRECATED_OBJC_IMPLEMENTATIONS = YES;
				CLANG_WARN_DIRECT_OBJC_ISA_USAGE = YES_ERROR;
				CLANG_WARN_DOCUMENTATION_COMMENTS = YES;
				CLANG_WARN_EMPTY_BODY = YES;
				CLANG_WARN_ENUM_CONVERSION = YES;
				CLANG_WARN_INFINITE_RECURSION = YES;
				CLANG_WARN_INT_CONVERSION = YES;
				CLANG_WARN_NON_LITERAL_NULL_CONVERSION = YES;
				CLANG_WARN_OBJC_IMPLICIT_RETAIN_SELF = YES;
				CLANG_WARN_OBJC_LITERAL_CONVERSION = YES;
				CLANG_WARN_OBJC_ROOT_CLASS = YES_ERROR;
				CLANG_WARN_QUOTED_INCLUDE_IN_FRAMEWORK_HEADER = YES;
				CLANG_WARN_RANGE_LOOP_ANALYSIS = YES;
				CLANG_WARN_STRICT_PROTOTYPES = YES;
				CLANG_WARN_SUSPICIOUS_MOVE = YES;
				CLANG_WARN_UNGUARDED_AVAILABILITY = YES_AGGRESSIVE;
				CLANG_WARN_UNREACHABLE_CODE = YES;
				CLANG_WARN__DUPLICATE_METHOD_MATCH = YES;
				COPY_PHASE_STRIP = NO;
				DEBUG_INFORMATION_FORMAT = dwarf;
				ENABLE_STRICT_OBJC_MSGSEND = YES;
				ENABLE_TESTABILITY = YES;
				GCC_C_LANGUAGE_STANDARD = gnu11;
				GCC_DYNAMIC_NO_PIC = NO;
				GCC_NO_COMMON_BLOCKS = YES;
				GCC_OPTIMIZATION_LEVEL = 0;
				GCC_PREPROCESSOR_DEFINITIONS = (
					"DEBUG=1",
					"$(inherited)",
				);
				GCC_WARN_64_TO_32_BIT_CONVERSION = YES;
				GCC_WARN_ABOUT_RETURN_TYPE = YES_ERROR;
				GCC_WARN_UNDECLARED_SELECTOR = YES;
				GCC_WARN_UNINITIALIZED_AUTOS = YES_AGGRESSIVE;
				GCC_WARN_UNUSED_FUNCTION = YES;
				GCC_WARN_UNUSED_VARIABLE = YES;
				IPHONEOS_DEPLOYMENT_TARGET = 14.3;
				MTL_ENABLE_DEBUG_INFO = INCLUDE_SOURCE;
				MTL_FAST_MATH = YES;
				ONLY_ACTIVE_ARCH = YES;
				SDKROOT = iphoneos;
				SWIFT_ACTIVE_COMPILATION_CONDITIONS = DEBUG;
				SWIFT_OPTIMIZATION_LEVEL = "-Onone";
			};
			name = Debug;
		};
		483AC52425C9BE80006C6DE6 /* Release */ = {
			isa = XCBuildConfiguration;
			buildSettings = {
				ALWAYS_SEARCH_USER_PATHS = NO;
				CLANG_ANALYZER_NONNULL = YES;
				CLANG_ANALYZER_NUMBER_OBJECT_CONVERSION = YES_AGGRESSIVE;
				CLANG_CXX_LANGUAGE_STANDARD = "gnu++14";
				CLANG_CXX_LIBRARY = "libc++";
				CLANG_ENABLE_MODULES = YES;
				CLANG_ENABLE_OBJC_ARC = YES;
				CLANG_ENABLE_OBJC_WEAK = YES;
				CLANG_WARN_BLOCK_CAPTURE_AUTORELEASING = YES;
				CLANG_WARN_BOOL_CONVERSION = YES;
				CLANG_WARN_COMMA = YES;
				CLANG_WARN_CONSTANT_CONVERSION = YES;
				CLANG_WARN_DEPRECATED_OBJC_IMPLEMENTATIONS = YES;
				CLANG_WARN_DIRECT_OBJC_ISA_USAGE = YES_ERROR;
				CLANG_WARN_DOCUMENTATION_COMMENTS = YES;
				CLANG_WARN_EMPTY_BODY = YES;
				CLANG_WARN_ENUM_CONVERSION = YES;
				CLANG_WARN_INFINITE_RECURSION = YES;
				CLANG_WARN_INT_CONVERSION = YES;
				CLANG_WARN_NON_LITERAL_NULL_CONVERSION = YES;
				CLANG_WARN_OBJC_IMPLICIT_RETAIN_SELF = YES;
				CLANG_WARN_OBJC_LITERAL_CONVERSION = YES;
				CLANG_WARN_OBJC_ROOT_CLASS = YES_ERROR;
				CLANG_WARN_QUOTED_INCLUDE_IN_FRAMEWORK_HEADER = YES;
				CLANG_WARN_RANGE_LOOP_ANALYSIS = YES;
				CLANG_WARN_STRICT_PROTOTYPES = YES;
				CLANG_WARN_SUSPICIOUS_MOVE = YES;
				CLANG_WARN_UNGUARDED_AVAILABILITY = YES_AGGRESSIVE;
				CLANG_WARN_UNREACHABLE_CODE = YES;
				CLANG_WARN__DUPLICATE_METHOD_MATCH = YES;
				COPY_PHASE_STRIP = NO;
				DEBUG_INFORMATION_FORMAT = "dwarf-with-dsym";
				ENABLE_NS_ASSERTIONS = NO;
				ENABLE_STRICT_OBJC_MSGSEND = YES;
				GCC_C_LANGUAGE_STANDARD = gnu11;
				GCC_NO_COMMON_BLOCKS = YES;
				GCC_WARN_64_TO_32_BIT_CONVERSION = YES;
				GCC_WARN_ABOUT_RETURN_TYPE = YES_ERROR;
				GCC_WARN_UNDECLARED_SELECTOR = YES;
				GCC_WARN_UNINITIALIZED_AUTOS = YES_AGGRESSIVE;
				GCC_WARN_UNUSED_FUNCTION = YES;
				GCC_WARN_UNUSED_VARIABLE = YES;
				IPHONEOS_DEPLOYMENT_TARGET = 14.3;
				MTL_ENABLE_DEBUG_INFO = NO;
				MTL_FAST_MATH = YES;
				SDKROOT = iphoneos;
				SWIFT_COMPILATION_MODE = wholemodule;
				SWIFT_OPTIMIZATION_LEVEL = "-O";
				VALIDATE_PRODUCT = YES;
			};
			name = Release;
		};
		483AC52625C9BE80006C6DE6 /* Debug */ = {
			isa = XCBuildConfiguration;
			baseConfigurationReference = CD302AAD3FFAC5BBBDFB683D /* Pods-StarWarsApp.debug.xcconfig */;
			buildSettings = {
				ASSETCATALOG_COMPILER_APPICON_NAME = AppIcon;
				ASSETCATALOG_COMPILER_GLOBAL_ACCENT_COLOR_NAME = AccentColor;
				CODE_SIGN_STYLE = Automatic;
				INFOPLIST_FILE = StarWarsApp/Info.plist;
				IPHONEOS_DEPLOYMENT_TARGET = 13.0;
				LD_RUNPATH_SEARCH_PATHS = (
					"$(inherited)",
					"@executable_path/Frameworks",
				);
				PRODUCT_BUNDLE_IDENTIFIER = com.emil.StarWarsApp;
				PRODUCT_NAME = "$(TARGET_NAME)";
				SWIFT_VERSION = 5.0;
				TARGETED_DEVICE_FAMILY = "1,2";
			};
			name = Debug;
		};
		483AC52725C9BE80006C6DE6 /* Release */ = {
			isa = XCBuildConfiguration;
			baseConfigurationReference = 3B4C07BF87745983494C8FE7 /* Pods-StarWarsApp.release.xcconfig */;
			buildSettings = {
				ASSETCATALOG_COMPILER_APPICON_NAME = AppIcon;
				ASSETCATALOG_COMPILER_GLOBAL_ACCENT_COLOR_NAME = AccentColor;
				CODE_SIGN_STYLE = Automatic;
				INFOPLIST_FILE = StarWarsApp/Info.plist;
				IPHONEOS_DEPLOYMENT_TARGET = 13.0;
				LD_RUNPATH_SEARCH_PATHS = (
					"$(inherited)",
					"@executable_path/Frameworks",
				);
				PRODUCT_BUNDLE_IDENTIFIER = com.emil.StarWarsApp;
				PRODUCT_NAME = "$(TARGET_NAME)";
				SWIFT_VERSION = 5.0;
				TARGETED_DEVICE_FAMILY = "1,2";
			};
			name = Release;
		};
		483AC52925C9BE80006C6DE6 /* Debug */ = {
			isa = XCBuildConfiguration;
			baseConfigurationReference = F10643ADBC84AFE2DA319E6C /* Pods-StarWarsAppTests.debug.xcconfig */;
			buildSettings = {
				ALWAYS_EMBED_SWIFT_STANDARD_LIBRARIES = YES;
				BUNDLE_LOADER = "$(TEST_HOST)";
				CODE_SIGN_STYLE = Automatic;
				INFOPLIST_FILE = StarWarsAppTests/Info.plist;
				IPHONEOS_DEPLOYMENT_TARGET = 14.3;
				LD_RUNPATH_SEARCH_PATHS = (
					"$(inherited)",
					"@executable_path/Frameworks",
					"@loader_path/Frameworks",
				);
				PRODUCT_BUNDLE_IDENTIFIER = com.emil.StarWarsAppTests;
				PRODUCT_NAME = "$(TARGET_NAME)";
				SWIFT_VERSION = 5.0;
				TARGETED_DEVICE_FAMILY = "1,2";
				TEST_HOST = "$(BUILT_PRODUCTS_DIR)/StarWarsApp.app/StarWarsApp";
			};
			name = Debug;
		};
		483AC52A25C9BE80006C6DE6 /* Release */ = {
			isa = XCBuildConfiguration;
			baseConfigurationReference = 16035CE5BCD9164969A6C310 /* Pods-StarWarsAppTests.release.xcconfig */;
			buildSettings = {
				ALWAYS_EMBED_SWIFT_STANDARD_LIBRARIES = YES;
				BUNDLE_LOADER = "$(TEST_HOST)";
				CODE_SIGN_STYLE = Automatic;
				INFOPLIST_FILE = StarWarsAppTests/Info.plist;
				IPHONEOS_DEPLOYMENT_TARGET = 14.3;
				LD_RUNPATH_SEARCH_PATHS = (
					"$(inherited)",
					"@executable_path/Frameworks",
					"@loader_path/Frameworks",
				);
				PRODUCT_BUNDLE_IDENTIFIER = com.emil.StarWarsAppTests;
				PRODUCT_NAME = "$(TARGET_NAME)";
				SWIFT_VERSION = 5.0;
				TARGETED_DEVICE_FAMILY = "1,2";
				TEST_HOST = "$(BUILT_PRODUCTS_DIR)/StarWarsApp.app/StarWarsApp";
			};
			name = Release;
		};
		483AC52C25C9BE80006C6DE6 /* Debug */ = {
			isa = XCBuildConfiguration;
			baseConfigurationReference = 460E5EE62A2A00C627E351DE /* Pods-StarWarsApp-StarWarsAppUITests.debug.xcconfig */;
			buildSettings = {
				ALWAYS_EMBED_SWIFT_STANDARD_LIBRARIES = YES;
				CODE_SIGN_STYLE = Automatic;
				INFOPLIST_FILE = StarWarsAppUITests/Info.plist;
				LD_RUNPATH_SEARCH_PATHS = (
					"$(inherited)",
					"@executable_path/Frameworks",
					"@loader_path/Frameworks",
				);
				PRODUCT_BUNDLE_IDENTIFIER = com.emil.StarWarsAppUITests;
				PRODUCT_NAME = "$(TARGET_NAME)";
				SWIFT_VERSION = 5.0;
				TARGETED_DEVICE_FAMILY = "1,2";
				TEST_TARGET_NAME = StarWarsApp;
			};
			name = Debug;
		};
		483AC52D25C9BE80006C6DE6 /* Release */ = {
			isa = XCBuildConfiguration;
			baseConfigurationReference = CB92567F3E54987F5CCDD32D /* Pods-StarWarsApp-StarWarsAppUITests.release.xcconfig */;
			buildSettings = {
				ALWAYS_EMBED_SWIFT_STANDARD_LIBRARIES = YES;
				CODE_SIGN_STYLE = Automatic;
				INFOPLIST_FILE = StarWarsAppUITests/Info.plist;
				LD_RUNPATH_SEARCH_PATHS = (
					"$(inherited)",
					"@executable_path/Frameworks",
					"@loader_path/Frameworks",
				);
				PRODUCT_BUNDLE_IDENTIFIER = com.emil.StarWarsAppUITests;
				PRODUCT_NAME = "$(TARGET_NAME)";
				SWIFT_VERSION = 5.0;
				TARGETED_DEVICE_FAMILY = "1,2";
				TEST_TARGET_NAME = StarWarsApp;
			};
			name = Release;
		};
/* End XCBuildConfiguration section */

/* Begin XCConfigurationList section */
		483AC4F625C9BE7C006C6DE6 /* Build configuration list for PBXProject "StarWarsApp" */ = {
			isa = XCConfigurationList;
			buildConfigurations = (
				483AC52325C9BE80006C6DE6 /* Debug */,
				483AC52425C9BE80006C6DE6 /* Release */,
			);
			defaultConfigurationIsVisible = 0;
			defaultConfigurationName = Release;
		};
		483AC52525C9BE80006C6DE6 /* Build configuration list for PBXNativeTarget "StarWarsApp" */ = {
			isa = XCConfigurationList;
			buildConfigurations = (
				483AC52625C9BE80006C6DE6 /* Debug */,
				483AC52725C9BE80006C6DE6 /* Release */,
			);
			defaultConfigurationIsVisible = 0;
			defaultConfigurationName = Release;
		};
		483AC52825C9BE80006C6DE6 /* Build configuration list for PBXNativeTarget "StarWarsAppTests" */ = {
			isa = XCConfigurationList;
			buildConfigurations = (
				483AC52925C9BE80006C6DE6 /* Debug */,
				483AC52A25C9BE80006C6DE6 /* Release */,
			);
			defaultConfigurationIsVisible = 0;
			defaultConfigurationName = Release;
		};
		483AC52B25C9BE80006C6DE6 /* Build configuration list for PBXNativeTarget "StarWarsAppUITests" */ = {
			isa = XCConfigurationList;
			buildConfigurations = (
				483AC52C25C9BE80006C6DE6 /* Debug */,
				483AC52D25C9BE80006C6DE6 /* Release */,
			);
			defaultConfigurationIsVisible = 0;
			defaultConfigurationName = Release;
		};
/* End XCConfigurationList section */
	};
	rootObject = 483AC4F325C9BE7C006C6DE6 /* Project object */;
}
